
Microsoft Visual Studio Solution File, Format Version 12.00
# Visual Studio Version 17
VisualStudioVersion = 17.2.32616.157
MinimumVisualStudioVersion = 10.0.40219.1
Project("{8BC9CEB8-8B4A-11D0-8D11-00A0C91BC942}") = "5-без бин", "5-без бин\5-без бин.vcxproj", "{664B7A15-4D11-448C-817A-959E8D24A55D}"
EndProject
Global
	GlobalSection(SolutionConfigurationPlatforms) = preSolution
		Debug|x64 = Debug|x64
		Debug|x86 = Debug|x86
		Release|x64 = Release|x64
		Release|x86 = Release|x86
	EndGlobalSection
	GlobalSection(ProjectConfigurationPlatforms) = postSolution
		{664B7A15-4D11-448C-817A-959E8D24A55D}.Debug|x64.ActiveCfg = Debug|x64
		{664B7A15-4D11-448C-817A-959E8D24A55D}.Debug|x64.Build.0 = Debug|x64
		{664B7A15-4D11-448C-817A-959E8D24A55D}.Debug|x86.ActiveCfg = Debug|Win32
		{664B7A15-4D11-448C-817A-959E8D24A55D}.Debug|x86.Build.0 = Debug|Win32
		{664B7A15-4D11-448C-817A-959E8D24A55D}.Release|x64.ActiveCfg = Release|x64
		{664B7A15-4D11-448C-817A-959E8D24A55D}.Release|x64.Build.0 = Release|x64
		{664B7A15-4D11-448C-817A-959E8D24A55D}.Release|x86.ActiveCfg = Release|Win32
		{664B7A15-4D11-448C-817A-959E8D24A55D}.Release|x86.Build.0 = Release|Win32
	EndGlobalSection
	GlobalSection(SolutionProperties) = preSolution
		HideSolutionNode = FALSE
	EndGlobalSection
	GlobalSection(ExtensibilityGlobals) = postSolution
		SolutionGuid = {7B2A09E0-3EF8-47E2-908D-FE7CB39886B6}
	EndGlobalSection
EndGlobal
