
Microsoft Visual Studio Solution File, Format Version 12.00
# Visual Studio Version 17
VisualStudioVersion = 17.2.32616.157
MinimumVisualStudioVersion = 10.0.40219.1
Project("{8BC9CEB8-8B4A-11D0-8D11-00A0C91BC942}") = "2", "2\2.vcxproj", "{9BF3D29D-D461-4DE5-AFBF-27D04012E207}"
EndProject
Global
	GlobalSection(SolutionConfigurationPlatforms) = preSolution
		Debug|x64 = Debug|x64
		Debug|x86 = Debug|x86
		Release|x64 = Release|x64
		Release|x86 = Release|x86
	EndGlobalSection
	GlobalSection(ProjectConfigurationPlatforms) = postSolution
		{9BF3D29D-D461-4DE5-AFBF-27D04012E207}.Debug|x64.ActiveCfg = Debug|x64
		{9BF3D29D-D461-4DE5-AFBF-27D04012E207}.Debug|x64.Build.0 = Debug|x64
		{9BF3D29D-D461-4DE5-AFBF-27D04012E207}.Debug|x86.ActiveCfg = Debug|Win32
		{9BF3D29D-D461-4DE5-AFBF-27D04012E207}.Debug|x86.Build.0 = Debug|Win32
		{9BF3D29D-D461-4DE5-AFBF-27D04012E207}.Release|x64.ActiveCfg = Release|x64
		{9BF3D29D-D461-4DE5-AFBF-27D04012E207}.Release|x64.Build.0 = Release|x64
		{9BF3D29D-D461-4DE5-AFBF-27D04012E207}.Release|x86.ActiveCfg = Release|Win32
		{9BF3D29D-D461-4DE5-AFBF-27D04012E207}.Release|x86.Build.0 = Release|Win32
	EndGlobalSection
	GlobalSection(SolutionProperties) = preSolution
		HideSolutionNode = FALSE
	EndGlobalSection
	GlobalSection(ExtensibilityGlobals) = postSolution
		SolutionGuid = {9A862BFA-9FF6-4480-929A-0DDAE44ED4F1}
	EndGlobalSection
EndGlobal
